
Microsoft Visual Studio Solution File, Format Version 12.00
# Visual Studio Version 17
VisualStudioVersion = 17.2.32630.192
MinimumVisualStudioVersion = 10.0.40219.1
Project("{2150E333-8FDC-42A3-9474-1A3956D46DE8}") = "devops", "devops", "{CFD787B4-40D5-47AA-A39C-4DDD92C36980}"
	ProjectSection(SolutionItems) = preProject
		devops\docker-compose.override.yml = devops\docker-compose.override.yml
		devops\docker-compose.yml = devops\docker-compose.yml
	EndProjectSection
EndProject
Project("{FAE04EC0-301F-11D3-BF4B-00C04F79EFBC}") = "ApiGateway.Api", "src\ApiGateway.Api\ApiGateway.Api.csproj", "{90EFE996-BBC9-4D4E-BBC8-AC5B5AC23A4D}"
EndProject
Global
	GlobalSection(SolutionConfigurationPlatforms) = preSolution
		Debug|Any CPU = Debug|Any CPU
		Release|Any CPU = Release|Any CPU
	EndGlobalSection
	GlobalSection(ProjectConfigurationPlatforms) = postSolution
		{90EFE996-BBC9-4D4E-BBC8-AC5B5AC23A4D}.Debug|Any CPU.ActiveCfg = Debug|Any CPU
		{90EFE996-BBC9-4D4E-BBC8-AC5B5AC23A4D}.Debug|Any CPU.Build.0 = Debug|Any CPU
		{90EFE996-BBC9-4D4E-BBC8-AC5B5AC23A4D}.Release|Any CPU.ActiveCfg = Release|Any CPU
		{90EFE996-BBC9-4D4E-BBC8-AC5B5AC23A4D}.Release|Any CPU.Build.0 = Release|Any CPU
	EndGlobalSection
	GlobalSection(SolutionProperties) = preSolution
		HideSolutionNode = FALSE
	EndGlobalSection
	GlobalSection(ExtensibilityGlobals) = postSolution
		SolutionGuid = {CCB52834-2C95-4B22-A29E-E17EE573D2B8}
	EndGlobalSection
EndGlobal
