
Microsoft Visual Studio Solution File, Format Version 12.00
# Visual Studio Version 17
VisualStudioVersion = 17.2.32630.192
MinimumVisualStudioVersion = 10.0.40219.1
Project("{9A19103F-16F7-4668-BE54-9A1E7A4F7556}") = "ReactServerWebUI", "src\ReactServerWebUI.csproj", "{7E73D18B-25C3-4F0F-ABB1-B488DDC1B0D3}"
EndProject
Project("{2150E333-8FDC-42A3-9474-1A3956D46DE8}") = "devops", "devops", "{2FEDB7F1-AF57-40E0-8BD3-9CE59382D281}"
	ProjectSection(SolutionItems) = preProject
		devops\docker-compose.debug.yml = devops\docker-compose.debug.yml
		devops\docker-compose.yml = devops\docker-compose.yml
	EndProjectSection
EndProject
Global
	GlobalSection(SolutionConfigurationPlatforms) = preSolution
		Debug|Any CPU = Debug|Any CPU
		Release|Any CPU = Release|Any CPU
	EndGlobalSection
	GlobalSection(ProjectConfigurationPlatforms) = postSolution
		{7E73D18B-25C3-4F0F-ABB1-B488DDC1B0D3}.Debug|Any CPU.ActiveCfg = Debug|Any CPU
		{7E73D18B-25C3-4F0F-ABB1-B488DDC1B0D3}.Debug|Any CPU.Build.0 = Debug|Any CPU
		{7E73D18B-25C3-4F0F-ABB1-B488DDC1B0D3}.Release|Any CPU.ActiveCfg = Release|Any CPU
		{7E73D18B-25C3-4F0F-ABB1-B488DDC1B0D3}.Release|Any CPU.Build.0 = Release|Any CPU
	EndGlobalSection
	GlobalSection(SolutionProperties) = preSolution
		HideSolutionNode = FALSE
	EndGlobalSection
	GlobalSection(ExtensibilityGlobals) = postSolution
		SolutionGuid = {FCFA2189-623B-42E3-921C-D56E0BA38CD0}
	EndGlobalSection
EndGlobal
